// !$*UTF8*$!
{
	archiveVersion = 1;
	classes = {
	};
	objectVersion = 46;
	objects = {

/* Begin PBXBuildFile section */
		3965393A1E458DEF00FD45F4 /* main.m in Sources */ = {isa = PBXBuildFile; fileRef = 396539391E458DEF00FD45F4 /* main.m */; };
		3965393D1E458DEF00FD45F4 /* AppDelegate.m in Sources */ = {isa = PBXBuildFile; fileRef = 3965393C1E458DEF00FD45F4 /* AppDelegate.m */; };
		396539401E458DEF00FD45F4 /* ViewController.m in Sources */ = {isa = PBXBuildFile; fileRef = 3965393F1E458DEF00FD45F4 /* ViewController.m */; };
		396539431E458DEF00FD45F4 /* Main.storyboard in Resources */ = {isa = PBXBuildFile; fileRef = 396539411E458DEF00FD45F4 /* Main.storyboard */; };
		396539451E458DEF00FD45F4 /* Assets.xcassets in Resources */ = {isa = PBXBuildFile; fileRef = 396539441E458DEF00FD45F4 /* Assets.xcassets */; };
		396539481E458DEF00FD45F4 /* LaunchScreen.storyboard in Resources */ = {isa = PBXBuildFile; fileRef = 396539461E458DEF00FD45F4 /* LaunchScreen.storyboard */; };
		396539511E458E2000FD45F4 /* CardCollection.m in Sources */ = {isa = PBXBuildFile; fileRef = 3965394F1E458E2000FD45F4 /* CardCollection.m */; };
		396539571E4591D900FD45F4 /* image in Resources */ = {isa = PBXBuildFile; fileRef = 396539561E4591D900FD45F4 /* image */; };
		3965395D1E46353D00FD45F4 /* CardUnitInfo.m in Sources */ = {isa = PBXBuildFile; fileRef = 3965395C1E46353D00FD45F4 /* CardUnitInfo.m */; };
/* End PBXBuildFile section */

/* Begin PBXFileReference section */
		396539351E458DEF00FD45F4 /* clashRoyale.app */ = {isa = PBXFileReference; explicitFileType = wrapper.application; includeInIndex = 0; path = clashRoyale.app; sourceTree = BUILT_PRODUCTS_DIR; };
		396539391E458DEF00FD45F4 /* main.m */ = {isa = PBXFileReference; lastKnownFileType = sourcecode.c.objc; path = main.m; sourceTree = "<group>"; };
		3965393B1E458DEF00FD45F4 /* AppDelegate.h */ = {isa = PBXFileReference; lastKnownFileType = sourcecode.c.h; path = AppDelegate.h; sourceTree = "<group>"; };
		3965393C1E458DEF00FD45F4 /* AppDelegate.m */ = {isa = PBXFileReference; lastKnownFileType = sourcecode.c.objc; path = AppDelegate.m; sourceTree = "<group>"; };
		3965393E1E458DEF00FD45F4 /* ViewController.h */ = {isa = PBXFileReference; lastKnownFileType = sourcecode.c.h; path = ViewController.h; sourceTree = "<group>"; };
		3965393F1E458DEF00FD45F4 /* ViewController.m */ = {isa = PBXFileReference; lastKnownFileType = sourcecode.c.objc; path = ViewController.m; sourceTree = "<group>"; };
		396539421E458DEF00FD45F4 /* Base */ = {isa = PBXFileReference; lastKnownFileType = file.storyboard; name = Base; path = Base.lproj/Main.storyboard; sourceTree = "<group>"; };
		396539441E458DEF00FD45F4 /* Assets.xcassets */ = {isa = PBXFileReference; lastKnownFileType = folder.assetcatalog; path = Assets.xcassets; sourceTree = "<group>"; };
		396539471E458DEF00FD45F4 /* Base */ = {isa = PBXFileReference; lastKnownFileType = file.storyboard; name = Base; path = Base.lproj/LaunchScreen.storyboard; sourceTree = "<group>"; };
		396539491E458DEF00FD45F4 /* Info.plist */ = {isa = PBXFileReference; lastKnownFileType = text.plist.xml; path = Info.plist; sourceTree = "<group>"; };
		3965394F1E458E2000FD45F4 /* CardCollection.m */ = {isa = PBXFileReference; fileEncoding = 4; lastKnownFileType = sourcecode.c.objc; path = CardCollection.m; sourceTree = "<group>"; };
		396539501E458E2000FD45F4 /* CardCollection.h */ = {isa = PBXFileReference; fileEncoding = 4; lastKnownFileType = sourcecode.c.h; path = CardCollection.h; sourceTree = "<group>"; };
		396539561E4591D900FD45F4 /* image */ = {isa = PBXFileReference; lastKnownFileType = folder; path = image; sourceTree = "<group>"; };
		3965395B1E46353D00FD45F4 /* CardUnitInfo.h */ = {isa = PBXFileReference; fileEncoding = 4; lastKnownFileType = sourcecode.c.h; path = CardUnitInfo.h; sourceTree = "<group>"; };
		3965395C1E46353D00FD45F4 /* CardUnitInfo.m */ = {isa = PBXFileReference; fileEncoding = 4; lastKnownFileType = sourcecode.c.objc; path = CardUnitInfo.m; sourceTree = "<group>"; };
/* End PBXFileReference section */

/* Begin PBXFrameworksBuildPhase section */
		396539321E458DEF00FD45F4 /* Frameworks */ = {
			isa = PBXFrameworksBuildPhase;
			buildActionMask = 2147483647;
			files = (
			);
			runOnlyForDeploymentPostprocessing = 0;
		};
/* End PBXFrameworksBuildPhase section */

/* Begin PBXGroup section */
		3965392C1E458DEF00FD45F4 = {
			isa = PBXGroup;
			children = (
				396539371E458DEF00FD45F4 /* ClashRoyale */,
				396539361E458DEF00FD45F4 /* Products */,
			);
			sourceTree = "<group>";
		};
		396539361E458DEF00FD45F4 /* Products */ = {
			isa = PBXGroup;
			children = (
				396539351E458DEF00FD45F4 /* clashRoyale.app */,
			);
			name = Products;
			sourceTree = "<group>";
		};
		396539371E458DEF00FD45F4 /* ClashRoyale */ = {
			isa = PBXGroup;
			children = (
				3965393B1E458DEF00FD45F4 /* AppDelegate.h */,
				3965393C1E458DEF00FD45F4 /* AppDelegate.m */,
				3965393E1E458DEF00FD45F4 /* ViewController.h */,
				3965393F1E458DEF00FD45F4 /* ViewController.m */,
				396539411E458DEF00FD45F4 /* Main.storyboard */,
				396539441E458DEF00FD45F4 /* Assets.xcassets */,
				396539461E458DEF00FD45F4 /* LaunchScreen.storyboard */,
				396539491E458DEF00FD45F4 /* Info.plist */,
				396539501E458E2000FD45F4 /* CardCollection.h */,
				3965394F1E458E2000FD45F4 /* CardCollection.m */,
				3965395B1E46353D00FD45F4 /* CardUnitInfo.h */,
				3965395C1E46353D00FD45F4 /* CardUnitInfo.m */,
				396539561E4591D900FD45F4 /* image */,
				396539381E458DEF00FD45F4 /* Supporting Files */,
			);
			name = ClashRoyale;
			path = clashRoyale;
			sourceTree = "<group>";
		};
		396539381E458DEF00FD45F4 /* Supporting Files */ = {
			isa = PBXGroup;
			children = (
				396539391E458DEF00FD45F4 /* main.m */,
			);
			name = "Supporting Files";
			sourceTree = "<group>";
		};
/* End PBXGroup section */

/* Begin PBXNativeTarget section */
		396539341E458DEF00FD45F4 /* clashRoyale */ = {
			isa = PBXNativeTarget;
			buildConfigurationList = 3965394C1E458DEF00FD45F4 /* Build configuration list for PBXNativeTarget "clashRoyale" */;
			buildPhases = (
				396539311E458DEF00FD45F4 /* Sources */,
				396539321E458DEF00FD45F4 /* Frameworks */,
				396539331E458DEF00FD45F4 /* Resources */,
			);
			buildRules = (
			);
			dependencies = (
			);
			name = clashRoyale;
			productName = clashRoyale;
			productReference = 396539351E458DEF00FD45F4 /* clashRoyale.app */;
			productType = "com.apple.product-type.application";
		};
/* End PBXNativeTarget section */

/* Begin PBXProject section */
		3965392D1E458DEF00FD45F4 /* Project object */ = {
			isa = PBXProject;
			attributes = {
				LastUpgradeCheck = 0820;
				ORGANIZATIONNAME = CLAY;
				TargetAttributes = {
					396539341E458DEF00FD45F4 = {
						CreatedOnToolsVersion = 8.2.1;
						DevelopmentTeam = 3K9Z88WM72;
						ProvisioningStyle = Automatic;
					};
				};
			};
			buildConfigurationList = 396539301E458DEF00FD45F4 /* Build configuration list for PBXProject "ClashRoyale" */;
			compatibilityVersion = "Xcode 3.2";
			developmentRegion = English;
			hasScannedForEncodings = 0;
			knownRegions = (
				en,
				Base,
			);
			mainGroup = 3965392C1E458DEF00FD45F4;
			productRefGroup = 396539361E458DEF00FD45F4 /* Products */;
			projectDirPath = "";
			projectRoot = "";
			targets = (
				396539341E458DEF00FD45F4 /* clashRoyale */,
			);
		};
/* End PBXProject section */

/* Begin PBXResourcesBuildPhase section */
		396539331E458DEF00FD45F4 /* Resources */ = {
			isa = PBXResourcesBuildPhase;
			buildActionMask = 2147483647;
			files = (
				396539571E4591D900FD45F4 /* image in Resources */,
				396539481E458DEF00FD45F4 /* LaunchScreen.storyboard in Resources */,
				396539451E458DEF00FD45F4 /* Assets.xcassets in Resources */,
				396539431E458DEF00FD45F4 /* Main.storyboard in Resources */,
			);
			runOnlyForDeploymentPostprocessing = 0;
		};
/* End PBXResourcesBuildPhase section */

/* Begin PBXSourcesBuildPhase section */
		396539311E458DEF00FD45F4 /* Sources */ = {
			isa = PBXSourcesBuildPhase;
			buildActionMask = 2147483647;
			files = (
				3965395D1E46353D00FD45F4 /* CardUnitInfo.m in Sources */,
				396539401E458DEF00FD45F4 /* ViewController.m in Sources */,
				396539511E458E2000FD45F4 /* CardCollection.m in Sources */,
				3965393D1E458DEF00FD45F4 /* AppDelegate.m in Sources */,
				3965393A1E458DEF00FD45F4 /* main.m in Sources */,
			);
			runOnlyForDeploymentPostprocessing = 0;
		};
/* End PBXSourcesBuildPhase section */

/* Begin PBXVariantGroup section */
		396539411E458DEF00FD45F4 /* Main.storyboard */ = {
			isa = PBXVariantGroup;
			children = (
				396539421E458DEF00FD45F4 /* Base */,
			);
			name = Main.storyboard;
			sourceTree = "<group>";
		};
		396539461E458DEF00FD45F4 /* LaunchScreen.storyboard */ = {
			isa = PBXVariantGroup;
			children = (
				396539471E458DEF00FD45F4 /* Base */,
			);
			name = LaunchScreen.storyboard;
			sourceTree = "<group>";
		};
/* End PBXVariantGroup section */

/* Begin XCBuildConfiguration section */
		3965394A1E458DEF00FD45F4 /* Debug */ = {
			isa = XCBuildConfiguration;
			buildSettings = {
				ALWAYS_SEARCH_USER_PATHS = NO;
				CLANG_ANALYZER_NONNULL = YES;
				CLANG_CXX_LANGUAGE_STANDARD = "gnu++0x";
				CLANG_CXX_LIBRARY = "libc++";
				CLANG_ENABLE_MODULES = YES;
				CLANG_ENABLE_OBJC_ARC = YES;
				CLANG_WARN_BOOL_CONVERSION = YES;
				CLANG_WARN_CONSTANT_CONVERSION = YES;
				CLANG_WARN_DIRECT_OBJC_ISA_USAGE = YES_ERROR;
				CLANG_WARN_DOCUMENTATION_COMMENTS = YES;
				CLANG_WARN_EMPTY_BODY = YES;
				CLANG_WARN_ENUM_CONVERSION = YES;
				CLANG_WARN_INFINITE_RECURSION = YES;
				CLANG_WARN_INT_CONVERSION = YES;
				CLANG_WARN_OBJC_ROOT_CLASS = YES_ERROR;
				CLANG_WARN_SUSPICIOUS_MOVE = YES;
				CLANG_WARN_UNREACHABLE_CODE = YES;
				CLANG_WARN__DUPLICATE_METHOD_MATCH = YES;
				"CODE_SIGN_IDENTITY[sdk=iphoneos*]" = "iPhone Developer";
				COPY_PHASE_STRIP = NO;
				DEBUG_INFORMATION_FORMAT = dwarf;
				ENABLE_STRICT_OBJC_MSGSEND = YES;
				ENABLE_TESTABILITY = YES;
				GCC_C_LANGUAGE_STANDARD = gnu99;
				GCC_DYNAMIC_NO_PIC = NO;
				GCC_NO_COMMON_BLOCKS = YES;
				GCC_OPTIMIZATION_LEVEL = 0;
				GCC_PREPROCESSOR_DEFINITIONS = (
					"DEBUG=1",
					"$(inherited)",
				);
				GCC_WARN_64_TO_32_BIT_CONVERSION = YES;
				GCC_WARN_ABOUT_RETURN_TYPE = YES_ERROR;
				GCC_WARN_UNDECLARED_SELECTOR = YES;
				GCC_WARN_UNINITIALIZED_AUTOS = YES_AGGRESSIVE;
				GCC_WARN_UNUSED_FUNCTION = YES;
				GCC_WARN_UNUSED_VARIABLE = YES;
				IPHONEOS_DEPLOYMENT_TARGET = 10.2;
				MTL_ENABLE_DEBUG_INFO = YES;
				ONLY_ACTIVE_ARCH = YES;
				SDKROOT = iphoneos;
			};
			name = Debug;
		};
		3965394B1E458DEF00FD45F4 /* Release */ = {
			isa = XCBuildConfiguration;
			buildSettings = {
				ALWAYS_SEARCH_USER_PATHS = NO;
				CLANG_ANALYZER_NONNULL = YES;
				CLANG_CXX_LANGUAGE_STANDARD = "gnu++0x";
				CLANG_CXX_LIBRARY = "libc++";
				CLANG_ENABLE_MODULES = YES;
				CLANG_ENABLE_OBJC_ARC = YES;
				CLANG_WARN_BOOL_CONVERSION = YES;
				CLANG_WARN_CONSTANT_CONVERSION = YES;
				CLANG_WARN_DIRECT_OBJC_ISA_USAGE = YES_ERROR;
				CLANG_WARN_DOCUMENTATION_COMMENTS = YES;
				CLANG_WARN_EMPTY_BODY = YES;
				CLANG_WARN_ENUM_CONVERSION = YES;
				CLANG_WARN_INFINITE_RECURSION = YES;
				CLANG_WARN_INT_CONVERSION = YES;
				CLANG_WARN_OBJC_ROOT_CLASS = YES_ERROR;
				CLANG_WARN_SUSPICIOUS_MOVE = YES;
				CLANG_WARN_UNREACHABLE_CODE = YES;
				CLANG_WARN__DUPLICATE_METHOD_MATCH = YES;
				"CODE_SIGN_IDENTITY[sdk=iphoneos*]" = "iPhone Developer";
				COPY_PHASE_STRIP = NO;
				DEBUG_INFORMATION_FORMAT = "dwarf-with-dsym";
				ENABLE_NS_ASSERTIONS = NO;
				ENABLE_STRICT_OBJC_MSGSEND = YES;
				GCC_C_LANGUAGE_STANDARD = gnu99;
				GCC_NO_COMMON_BLOCKS = YES;
				GCC_WARN_64_TO_32_BIT_CONVERSION = YES;
				GCC_WARN_ABOUT_RETURN_TYPE = YES_ERROR;
				GCC_WARN_UNDECLARED_SELECTOR = YES;
				GCC_WARN_UNINITIALIZED_AUTOS = YES_AGGRESSIVE;
				GCC_WARN_UNUSED_FUNCTION = YES;
				GCC_WARN_UNUSED_VARIABLE = YES;
				IPHONEOS_DEPLOYMENT_TARGET = 10.2;
				MTL_ENABLE_DEBUG_INFO = NO;
				SDKROOT = iphoneos;
				VALIDATE_PRODUCT = YES;
			};
			name = Release;
		};
		3965394D1E458DEF00FD45F4 /* Debug */ = {
			isa = XCBuildConfiguration;
			buildSettings = {
				ASSETCATALOG_COMPILER_APPICON_NAME = AppIcon;
				DEVELOPMENT_TEAM = 3K9Z88WM72;
				INFOPLIST_FILE = clashRoyale/Info.plist;
				LD_RUNPATH_SEARCH_PATHS = "$(inherited) @executable_path/Frameworks";
				PRODUCT_BUNDLE_IDENTIFIER = whalebab.clashRoyale;
				PRODUCT_NAME = "$(TARGET_NAME)";
			};
			name = Debug;
		};
		3965394E1E458DEF00FD45F4 /* Release */ = {
			isa = XCBuildConfiguration;
			buildSettings = {
				ASSETCATALOG_COMPILER_APPICON_NAME = AppIcon;
				DEVELOPMENT_TEAM = 3K9Z88WM72;
				INFOPLIST_FILE = clashRoyale/Info.plist;
				LD_RUNPATH_SEARCH_PATHS = "$(inherited) @executable_path/Frameworks";
				PRODUCT_BUNDLE_IDENTIFIER = whalebab.clashRoyale;
				PRODUCT_NAME = "$(TARGET_NAME)";
			};
			name = Release;
		};
/* End XCBuildConfiguration section */

/* Begin XCConfigurationList section */
		396539301E458DEF00FD45F4 /* Build configuration list for PBXProject "ClashRoyale" */ = {
			isa = XCConfigurationList;
			buildConfigurations = (
				3965394A1E458DEF00FD45F4 /* Debug */,
				3965394B1E458DEF00FD45F4 /* Release */,
			);
			defaultConfigurationIsVisible = 0;
			defaultConfigurationName = Release;
		};
		3965394C1E458DEF00FD45F4 /* Build configuration list for PBXNativeTarget "clashRoyale" */ = {
			isa = XCConfigurationList;
			buildConfigurations = (
				3965394D1E458DEF00FD45F4 /* Debug */,
				3965394E1E458DEF00FD45F4 /* Release */,
			);
			defaultConfigurationIsVisible = 0;
			defaultConfigurationName = Release;
		};
/* End XCConfigurationList section */
	};
	rootObject = 3965392D1E458DEF00FD45F4 /* Project object */;
}
